// !$*UTF8*$!
{
	archiveVersion = 1;
	classes = {
	};
	objectVersion = 51;
	objects = {

/* Begin PBXBuildFile section */
		020FA8C82677B1FE0077C01D /* AppDelegate.swift in Sources */ = {isa = PBXBuildFile; fileRef = 020FA8C72677B1FE0077C01D /* AppDelegate.swift */; };
		020FA8CA2677B1FE0077C01D /* SceneDelegate.swift in Sources */ = {isa = PBXBuildFile; fileRef = 020FA8C92677B1FE0077C01D /* SceneDelegate.swift */; };
		020FA8CC2677B1FE0077C01D /* ViewController.swift in Sources */ = {isa = PBXBuildFile; fileRef = 020FA8CB2677B1FE0077C01D /* ViewController.swift */; };
		020FA8CF2677B1FE0077C01D /* Main.storyboard in Resources */ = {isa = PBXBuildFile; fileRef = 020FA8CD2677B1FE0077C01D /* Main.storyboard */; };
		020FA8D12677B1FF0077C01D /* Assets.xcassets in Resources */ = {isa = PBXBuildFile; fileRef = 020FA8D02677B1FF0077C01D /* Assets.xcassets */; };
		020FA8D42677B1FF0077C01D /* LaunchScreen.storyboard in Resources */ = {isa = PBXBuildFile; fileRef = 020FA8D22677B1FF0077C01D /* LaunchScreen.storyboard */; };
		020FA8DF2677B1FF0077C01D /* BaseNetworkTests.swift in Sources */ = {isa = PBXBuildFile; fileRef = 020FA8DE2677B1FF0077C01D /* BaseNetworkTests.swift */; };
		020FA8EA2677B1FF0077C01D /* BaseNetworkUITests.swift in Sources */ = {isa = PBXBuildFile; fileRef = 020FA8E92677B1FF0077C01D /* BaseNetworkUITests.swift */; };
		020FA8FB2677BAA60077C01D /* ApiUrls.swift in Sources */ = {isa = PBXBuildFile; fileRef = 020FA8FA2677BAA60077C01D /* ApiUrls.swift */; };
		020FA8FD2677BFDE0077C01D /* API.swift in Sources */ = {isa = PBXBuildFile; fileRef = 020FA8FC2677BFDE0077C01D /* API.swift */; };
		020FA8FF2677C0DD0077C01D /* ApiError.swift in Sources */ = {isa = PBXBuildFile; fileRef = 020FA8FE2677C0DD0077C01D /* ApiError.swift */; };
		020FA9012677C1140077C01D /* ApiErrorResult.swift in Sources */ = {isa = PBXBuildFile; fileRef = 020FA9002677C1140077C01D /* ApiErrorResult.swift */; };
		020FA9032677C18F0077C01D /* ListLectureAPI.swift in Sources */ = {isa = PBXBuildFile; fileRef = 020FA9022677C18F0077C01D /* ListLectureAPI.swift */; };
		02E52B39547C5A2CC1C98280 /* Pods_BaseNetworkTests.framework in Frameworks */ = {isa = PBXBuildFile; fileRef = 57B6B17E800D9DCA4CC576CF /* Pods_BaseNetworkTests.framework */; };
		298A99CF89A1AB2436328F4D /* Pods_BaseNetwork.framework in Frameworks */ = {isa = PBXBuildFile; fileRef = 50DDDCBA4B9E6986178833FB /* Pods_BaseNetwork.framework */; };
		D8384AF7FFC633762DE75897 /* Pods_BaseNetwork_BaseNetworkUITests.framework in Frameworks */ = {isa = PBXBuildFile; fileRef = 19AE6F93FFA8F4E48837CD16 /* Pods_BaseNetwork_BaseNetworkUITests.framework */; };
/* End PBXBuildFile section */

/* Begin PBXContainerItemProxy section */
		020FA8DB2677B1FF0077C01D /* PBXContainerItemProxy */ = {
			isa = PBXContainerItemProxy;
			containerPortal = 020FA8BC2677B1FE0077C01D /* Project object */;
			proxyType = 1;
			remoteGlobalIDString = 020FA8C32677B1FE0077C01D;
			remoteInfo = BaseNetwork;
		};
		020FA8E62677B1FF0077C01D /* PBXContainerItemProxy */ = {
			isa = PBXContainerItemProxy;
			containerPortal = 020FA8BC2677B1FE0077C01D /* Project object */;
			proxyType = 1;
			remoteGlobalIDString = 020FA8C32677B1FE0077C01D;
			remoteInfo = BaseNetwork;
		};
/* End PBXContainerItemProxy section */

/* Begin PBXFileReference section */
		020FA8C42677B1FE0077C01D /* BaseNetwork.app */ = {isa = PBXFileReference; explicitFileType = wrapper.application; includeInIndex = 0; path = BaseNetwork.app; sourceTree = BUILT_PRODUCTS_DIR; };
		020FA8C72677B1FE0077C01D /* AppDelegate.swift */ = {isa = PBXFileReference; lastKnownFileType = sourcecode.swift; path = AppDelegate.swift; sourceTree = "<group>"; };
		020FA8C92677B1FE0077C01D /* SceneDelegate.swift */ = {isa = PBXFileReference; lastKnownFileType = sourcecode.swift; path = SceneDelegate.swift; sourceTree = "<group>"; };
		020FA8CB2677B1FE0077C01D /* ViewController.swift */ = {isa = PBXFileReference; lastKnownFileType = sourcecode.swift; path = ViewController.swift; sourceTree = "<group>"; };
		020FA8CE2677B1FE0077C01D /* Base */ = {isa = PBXFileReference; lastKnownFileType = file.storyboard; name = Base; path = Base.lproj/Main.storyboard; sourceTree = "<group>"; };
		020FA8D02677B1FF0077C01D /* Assets.xcassets */ = {isa = PBXFileReference; lastKnownFileType = folder.assetcatalog; path = Assets.xcassets; sourceTree = "<group>"; };
		020FA8D32677B1FF0077C01D /* Base */ = {isa = PBXFileReference; lastKnownFileType = file.storyboard; name = Base; path = Base.lproj/LaunchScreen.storyboard; sourceTree = "<group>"; };
		020FA8D52677B1FF0077C01D /* Info.plist */ = {isa = PBXFileReference; lastKnownFileType = text.plist.xml; path = Info.plist; sourceTree = "<group>"; };
		020FA8DA2677B1FF0077C01D /* BaseNetworkTests.xctest */ = {isa = PBXFileReference; explicitFileType = wrapper.cfbundle; includeInIndex = 0; path = BaseNetworkTests.xctest; sourceTree = BUILT_PRODUCTS_DIR; };
		020FA8DE2677B1FF0077C01D /* BaseNetworkTests.swift */ = {isa = PBXFileReference; lastKnownFileType = sourcecode.swift; path = BaseNetworkTests.swift; sourceTree = "<group>"; };
		020FA8E02677B1FF0077C01D /* Info.plist */ = {isa = PBXFileReference; lastKnownFileType = text.plist.xml; path = Info.plist; sourceTree = "<group>"; };
		020FA8E52677B1FF0077C01D /* BaseNetworkUITests.xctest */ = {isa = PBXFileReference; explicitFileType = wrapper.cfbundle; includeInIndex = 0; path = BaseNetworkUITests.xctest; sourceTree = BUILT_PRODUCTS_DIR; };
		020FA8E92677B1FF0077C01D /* BaseNetworkUITests.swift */ = {isa = PBXFileReference; lastKnownFileType = sourcecode.swift; path = BaseNetworkUITests.swift; sourceTree = "<group>"; };
		020FA8EB2677B1FF0077C01D /* Info.plist */ = {isa = PBXFileReference; lastKnownFileType = text.plist.xml; path = Info.plist; sourceTree = "<group>"; };
		020FA8FA2677BAA60077C01D /* ApiUrls.swift */ = {isa = PBXFileReference; lastKnownFileType = sourcecode.swift; path = ApiUrls.swift; sourceTree = "<group>"; };
		020FA8FC2677BFDE0077C01D /* API.swift */ = {isa = PBXFileReference; lastKnownFileType = sourcecode.swift; path = API.swift; sourceTree = "<group>"; };
		020FA8FE2677C0DD0077C01D /* ApiError.swift */ = {isa = PBXFileReference; lastKnownFileType = sourcecode.swift; path = ApiError.swift; sourceTree = "<group>"; };
		020FA9002677C1140077C01D /* ApiErrorResult.swift */ = {isa = PBXFileReference; lastKnownFileType = sourcecode.swift; path = ApiErrorResult.swift; sourceTree = "<group>"; };
		020FA9022677C18F0077C01D /* ListLectureAPI.swift */ = {isa = PBXFileReference; lastKnownFileType = sourcecode.swift; path = ListLectureAPI.swift; sourceTree = "<group>"; };
		19AE6F93FFA8F4E48837CD16 /* Pods_BaseNetwork_BaseNetworkUITests.framework */ = {isa = PBXFileReference; explicitFileType = wrapper.framework; includeInIndex = 0; path = Pods_BaseNetwork_BaseNetworkUITests.framework; sourceTree = BUILT_PRODUCTS_DIR; };
		3727538DEB651A1F62B44601 /* Pods-BaseNetwork.release.xcconfig */ = {isa = PBXFileReference; includeInIndex = 1; lastKnownFileType = text.xcconfig; name = "Pods-BaseNetwork.release.xcconfig"; path = "Target Support Files/Pods-BaseNetwork/Pods-BaseNetwork.release.xcconfig"; sourceTree = "<group>"; };
		50DDDCBA4B9E6986178833FB /* Pods_BaseNetwork.framework */ = {isa = PBXFileReference; explicitFileType = wrapper.framework; includeInIndex = 0; path = Pods_BaseNetwork.framework; sourceTree = BUILT_PRODUCTS_DIR; };
		57B6B17E800D9DCA4CC576CF /* Pods_BaseNetworkTests.framework */ = {isa = PBXFileReference; explicitFileType = wrapper.framework; includeInIndex = 0; path = Pods_BaseNetworkTests.framework; sourceTree = BUILT_PRODUCTS_DIR; };
		68524527F258889D85ED60EE /* Pods-BaseNetworkTests.debug.xcconfig */ = {isa = PBXFileReference; includeInIndex = 1; lastKnownFileType = text.xcconfig; name = "Pods-BaseNetworkTests.debug.xcconfig"; path = "Target Support Files/Pods-BaseNetworkTests/Pods-BaseNetworkTests.debug.xcconfig"; sourceTree = "<group>"; };
		708A34C437D32273F596B68E /* Pods-BaseNetwork.debug.xcconfig */ = {isa = PBXFileReference; includeInIndex = 1; lastKnownFileType = text.xcconfig; name = "Pods-BaseNetwork.debug.xcconfig"; path = "Target Support Files/Pods-BaseNetwork/Pods-BaseNetwork.debug.xcconfig"; sourceTree = "<group>"; };
		8E727D2D8F6E899353E92CE3 /* Pods-BaseNetwork-BaseNetworkUITests.release.xcconfig */ = {isa = PBXFileReference; includeInIndex = 1; lastKnownFileType = text.xcconfig; name = "Pods-BaseNetwork-BaseNetworkUITests.release.xcconfig"; path = "Target Support Files/Pods-BaseNetwork-BaseNetworkUITests/Pods-BaseNetwork-BaseNetworkUITests.release.xcconfig"; sourceTree = "<group>"; };
		BCA29A7984F76F6BF2F7DF13 /* Pods-BaseNetworkTests.release.xcconfig */ = {isa = PBXFileReference; includeInIndex = 1; lastKnownFileType = text.xcconfig; name = "Pods-BaseNetworkTests.release.xcconfig"; path = "Target Support Files/Pods-BaseNetworkTests/Pods-BaseNetworkTests.release.xcconfig"; sourceTree = "<group>"; };
		E46CEAF2B225EEB5FE31B7DD /* Pods-BaseNetwork-BaseNetworkUITests.debug.xcconfig */ = {isa = PBXFileReference; includeInIndex = 1; lastKnownFileType = text.xcconfig; name = "Pods-BaseNetwork-BaseNetworkUITests.debug.xcconfig"; path = "Target Support Files/Pods-BaseNetwork-BaseNetworkUITests/Pods-BaseNetwork-BaseNetworkUITests.debug.xcconfig"; sourceTree = "<group>"; };
/* End PBXFileReference section */

/* Begin PBXFrameworksBuildPhase section */
		020FA8C12677B1FE0077C01D /* Frameworks */ = {
			isa = PBXFrameworksBuildPhase;
			buildActionMask = 2147483647;
			files = (
				298A99CF89A1AB2436328F4D /* Pods_BaseNetwork.framework in Frameworks */,
			);
			runOnlyForDeploymentPostprocessing = 0;
		};
		020FA8D72677B1FF0077C01D /* Frameworks */ = {
			isa = PBXFrameworksBuildPhase;
			buildActionMask = 2147483647;
			files = (
				02E52B39547C5A2CC1C98280 /* Pods_BaseNetworkTests.framework in Frameworks */,
			);
			runOnlyForDeploymentPostprocessing = 0;
		};
		020FA8E22677B1FF0077C01D /* Frameworks */ = {
			isa = PBXFrameworksBuildPhase;
			buildActionMask = 2147483647;
			files = (
				D8384AF7FFC633762DE75897 /* Pods_BaseNetwork_BaseNetworkUITests.framework in Frameworks */,
			);
			runOnlyForDeploymentPostprocessing = 0;
		};
/* End PBXFrameworksBuildPhase section */

/* Begin PBXGroup section */
		020FA8BB2677B1FE0077C01D = {
			isa = PBXGroup;
			children = (
				020FA8C62677B1FE0077C01D /* BaseNetwork */,
				020FA8DD2677B1FF0077C01D /* BaseNetworkTests */,
				020FA8E82677B1FF0077C01D /* BaseNetworkUITests */,
				020FA8C52677B1FE0077C01D /* Products */,
				97078AEDBE4B7C004328883B /* Pods */,
				F2F95A0EBF4A295DC6A74A5A /* Frameworks */,
			);
			sourceTree = "<group>";
		};
		020FA8C52677B1FE0077C01D /* Products */ = {
			isa = PBXGroup;
			children = (
				020FA8C42677B1FE0077C01D /* BaseNetwork.app */,
				020FA8DA2677B1FF0077C01D /* BaseNetworkTests.xctest */,
				020FA8E52677B1FF0077C01D /* BaseNetworkUITests.xctest */,
			);
			name = Products;
			sourceTree = "<group>";
		};
		020FA8C62677B1FE0077C01D /* BaseNetwork */ = {
			isa = PBXGroup;
			children = (
				020FA8F72677B2440077C01D /* Network */,
				020FA8C72677B1FE0077C01D /* AppDelegate.swift */,
				020FA8C92677B1FE0077C01D /* SceneDelegate.swift */,
				020FA8CB2677B1FE0077C01D /* ViewController.swift */,
				020FA8CD2677B1FE0077C01D /* Main.storyboard */,
				020FA8D02677B1FF0077C01D /* Assets.xcassets */,
				020FA8D22677B1FF0077C01D /* LaunchScreen.storyboard */,
				020FA8D52677B1FF0077C01D /* Info.plist */,
			);
			path = BaseNetwork;
			sourceTree = "<group>";
		};
		020FA8DD2677B1FF0077C01D /* BaseNetworkTests */ = {
			isa = PBXGroup;
			children = (
				020FA8DE2677B1FF0077C01D /* BaseNetworkTests.swift */,
				020FA8E02677B1FF0077C01D /* Info.plist */,
			);
			path = BaseNetworkTests;
			sourceTree = "<group>";
		};
		020FA8E82677B1FF0077C01D /* BaseNetworkUITests */ = {
			isa = PBXGroup;
			children = (
				020FA8E92677B1FF0077C01D /* BaseNetworkUITests.swift */,
				020FA8EB2677B1FF0077C01D /* Info.plist */,
			);
			path = BaseNetworkUITests;
			sourceTree = "<group>";
		};
		020FA8F72677B2440077C01D /* Network */ = {
			isa = PBXGroup;
			children = (
				020FA8FA2677BAA60077C01D /* ApiUrls.swift */,
				020FA8FE2677C0DD0077C01D /* ApiError.swift */,
				020FA9002677C1140077C01D /* ApiErrorResult.swift */,
				020FA8FC2677BFDE0077C01D /* API.swift */,
				020FA9022677C18F0077C01D /* ListLectureAPI.swift */,
			);
			path = Network;
			sourceTree = "<group>";
		};
		97078AEDBE4B7C004328883B /* Pods */ = {
			isa = PBXGroup;
			children = (
				708A34C437D32273F596B68E /* Pods-BaseNetwork.debug.xcconfig */,
				3727538DEB651A1F62B44601 /* Pods-BaseNetwork.release.xcconfig */,
				E46CEAF2B225EEB5FE31B7DD /* Pods-BaseNetwork-BaseNetworkUITests.debug.xcconfig */,
				8E727D2D8F6E899353E92CE3 /* Pods-BaseNetwork-BaseNetworkUITests.release.xcconfig */,
				68524527F258889D85ED60EE /* Pods-BaseNetworkTests.debug.xcconfig */,
				BCA29A7984F76F6BF2F7DF13 /* Pods-BaseNetworkTests.release.xcconfig */,
			);
			path = Pods;
			sourceTree = "<group>";
		};
		F2F95A0EBF4A295DC6A74A5A /* Frameworks */ = {
			isa = PBXGroup;
			children = (
				50DDDCBA4B9E6986178833FB /* Pods_BaseNetwork.framework */,
				19AE6F93FFA8F4E48837CD16 /* Pods_BaseNetwork_BaseNetworkUITests.framework */,
				57B6B17E800D9DCA4CC576CF /* Pods_BaseNetworkTests.framework */,
			);
			name = Frameworks;
			sourceTree = "<group>";
		};
/* End PBXGroup section */

/* Begin PBXNativeTarget section */
		020FA8C32677B1FE0077C01D /* BaseNetwork */ = {
			isa = PBXNativeTarget;
			buildConfigurationList = 020FA8EE2677B1FF0077C01D /* Build configuration list for PBXNativeTarget "BaseNetwork" */;
			buildPhases = (
				E154CDCBBA8D20766870A2EA /* [CP] Check Pods Manifest.lock */,
				020FA8C02677B1FE0077C01D /* Sources */,
				020FA8C12677B1FE0077C01D /* Frameworks */,
				020FA8C22677B1FE0077C01D /* Resources */,
				B02652E4421A8D19C1F6232E /* [CP] Embed Pods Frameworks */,
			);
			buildRules = (
			);
			dependencies = (
			);
			name = BaseNetwork;
			productName = BaseNetwork;
			productReference = 020FA8C42677B1FE0077C01D /* BaseNetwork.app */;
			productType = "com.apple.product-type.application";
		};
		020FA8D92677B1FF0077C01D /* BaseNetworkTests */ = {
			isa = PBXNativeTarget;
			buildConfigurationList = 020FA8F12677B1FF0077C01D /* Build configuration list for PBXNativeTarget "BaseNetworkTests" */;
			buildPhases = (
				4ACF62775B9C39A553B23C59 /* [CP] Check Pods Manifest.lock */,
				020FA8D62677B1FF0077C01D /* Sources */,
				020FA8D72677B1FF0077C01D /* Frameworks */,
				020FA8D82677B1FF0077C01D /* Resources */,
			);
			buildRules = (
			);
			dependencies = (
				020FA8DC2677B1FF0077C01D /* PBXTargetDependency */,
			);
			name = BaseNetworkTests;
			productName = BaseNetworkTests;
			productReference = 020FA8DA2677B1FF0077C01D /* BaseNetworkTests.xctest */;
			productType = "com.apple.product-type.bundle.unit-test";
		};
		020FA8E42677B1FF0077C01D /* BaseNetworkUITests */ = {
			isa = PBXNativeTarget;
			buildConfigurationList = 020FA8F42677B1FF0077C01D /* Build configuration list for PBXNativeTarget "BaseNetworkUITests" */;
			buildPhases = (
				54423686B8AE56792952022F /* [CP] Check Pods Manifest.lock */,
				020FA8E12677B1FF0077C01D /* Sources */,
				020FA8E22677B1FF0077C01D /* Frameworks */,
				020FA8E32677B1FF0077C01D /* Resources */,
				679E9EA05F3F3800D704792D /* [CP] Embed Pods Frameworks */,
			);
			buildRules = (
			);
			dependencies = (
				020FA8E72677B1FF0077C01D /* PBXTargetDependency */,
			);
			name = BaseNetworkUITests;
			productName = BaseNetworkUITests;
			productReference = 020FA8E52677B1FF0077C01D /* BaseNetworkUITests.xctest */;
			productType = "com.apple.product-type.bundle.ui-testing";
		};
/* End PBXNativeTarget section */

/* Begin PBXProject section */
		020FA8BC2677B1FE0077C01D /* Project object */ = {
			isa = PBXProject;
			attributes = {
				LastSwiftUpdateCheck = 1250;
				LastUpgradeCheck = 1250;
				TargetAttributes = {
					020FA8C32677B1FE0077C01D = {
						CreatedOnToolsVersion = 12.5;
					};
					020FA8D92677B1FF0077C01D = {
						CreatedOnToolsVersion = 12.5;
						TestTargetID = 020FA8C32677B1FE0077C01D;
					};
					020FA8E42677B1FF0077C01D = {
						CreatedOnToolsVersion = 12.5;
						TestTargetID = 020FA8C32677B1FE0077C01D;
					};
				};
			};
			buildConfigurationList = 020FA8BF2677B1FE0077C01D /* Build configuration list for PBXProject "BaseNetwork" */;
			compatibilityVersion = "Xcode 9.3";
			developmentRegion = en;
			hasScannedForEncodings = 0;
			knownRegions = (
				en,
				Base,
			);
			mainGroup = 020FA8BB2677B1FE0077C01D;
			productRefGroup = 020FA8C52677B1FE0077C01D /* Products */;
			projectDirPath = "";
			projectRoot = "";
			targets = (
				020FA8C32677B1FE0077C01D /* BaseNetwork */,
				020FA8D92677B1FF0077C01D /* BaseNetworkTests */,
				020FA8E42677B1FF0077C01D /* BaseNetworkUITests */,
			);
		};
/* End PBXProject section */

/* Begin PBXResourcesBuildPhase section */
		020FA8C22677B1FE0077C01D /* Resources */ = {
			isa = PBXResourcesBuildPhase;
			buildActionMask = 2147483647;
			files = (
				020FA8D42677B1FF0077C01D /* LaunchScreen.storyboard in Resources */,
				020FA8D12677B1FF0077C01D /* Assets.xcassets in Resources */,
				020FA8CF2677B1FE0077C01D /* Main.storyboard in Resources */,
			);
			runOnlyForDeploymentPostprocessing = 0;
		};
		020FA8D82677B1FF0077C01D /* Resources */ = {
			isa = PBXResourcesBuildPhase;
			buildActionMask = 2147483647;
			files = (
			);
			runOnlyForDeploymentPostprocessing = 0;
		};
		020FA8E32677B1FF0077C01D /* Resources */ = {
			isa = PBXResourcesBuildPhase;
			buildActionMask = 2147483647;
			files = (
			);
			runOnlyForDeploymentPostprocessing = 0;
		};
/* End PBXResourcesBuildPhase section */

/* Begin PBXShellScriptBuildPhase section */
		4ACF62775B9C39A553B23C59 /* [CP] Check Pods Manifest.lock */ = {
			isa = PBXShellScriptBuildPhase;
			buildActionMask = 2147483647;
			files = (
			);
			inputFileListPaths = (
			);
			inputPaths = (
				"${PODS_PODFILE_DIR_PATH}/Podfile.lock",
				"${PODS_ROOT}/Manifest.lock",
			);
			name = "[CP] Check Pods Manifest.lock";
			outputFileListPaths = (
			);
			outputPaths = (
				"$(DERIVED_FILE_DIR)/Pods-BaseNetworkTests-checkManifestLockResult.txt",
			);
			runOnlyForDeploymentPostprocessing = 0;
			shellPath = /bin/sh;
			shellScript = "diff \"${PODS_PODFILE_DIR_PATH}/Podfile.lock\" \"${PODS_ROOT}/Manifest.lock\" > /dev/null\nif [ $? != 0 ] ; then\n    # print error to STDERR\n    echo \"error: The sandbox is not in sync with the Podfile.lock. Run 'pod install' or update your CocoaPods installation.\" >&2\n    exit 1\nfi\n# This output is used by Xcode 'outputs' to avoid re-running this script phase.\necho \"SUCCESS\" > \"${SCRIPT_OUTPUT_FILE_0}\"\n";
			showEnvVarsInLog = 0;
		};
		54423686B8AE56792952022F /* [CP] Check Pods Manifest.lock */ = {
			isa = PBXShellScriptBuildPhase;
			buildActionMask = 2147483647;
			files = (
			);
			inputFileListPaths = (
			);
			inputPaths = (
				"${PODS_PODFILE_DIR_PATH}/Podfile.lock",
				"${PODS_ROOT}/Manifest.lock",
			);
			name = "[CP] Check Pods Manifest.lock";
			outputFileListPaths = (
			);
			outputPaths = (
				"$(DERIVED_FILE_DIR)/Pods-BaseNetwork-BaseNetworkUITests-checkManifestLockResult.txt",
			);
			runOnlyForDeploymentPostprocessing = 0;
			shellPath = /bin/sh;
			shellScript = "diff \"${PODS_PODFILE_DIR_PATH}/Podfile.lock\" \"${PODS_ROOT}/Manifest.lock\" > /dev/null\nif [ $? != 0 ] ; then\n    # print error to STDERR\n    echo \"error: The sandbox is not in sync with the Podfile.lock. Run 'pod install' or update your CocoaPods installation.\" >&2\n    exit 1\nfi\n# This output is used by Xcode 'outputs' to avoid re-running this script phase.\necho \"SUCCESS\" > \"${SCRIPT_OUTPUT_FILE_0}\"\n";
			showEnvVarsInLog = 0;
		};
		679E9EA05F3F3800D704792D /* [CP] Embed Pods Frameworks */ = {
			isa = PBXShellScriptBuildPhase;
			buildActionMask = 2147483647;
			files = (
			);
			inputFileListPaths = (
				"${PODS_ROOT}/Target Support Files/Pods-BaseNetwork-BaseNetworkUITests/Pods-BaseNetwork-BaseNetworkUITests-frameworks-${CONFIGURATION}-input-files.xcfilelist",
			);
			name = "[CP] Embed Pods Frameworks";
			outputFileListPaths = (
				"${PODS_ROOT}/Target Support Files/Pods-BaseNetwork-BaseNetworkUITests/Pods-BaseNetwork-BaseNetworkUITests-frameworks-${CONFIGURATION}-output-files.xcfilelist",
			);
			runOnlyForDeploymentPostprocessing = 0;
			shellPath = /bin/sh;
			shellScript = "\"${PODS_ROOT}/Target Support Files/Pods-BaseNetwork-BaseNetworkUITests/Pods-BaseNetwork-BaseNetworkUITests-frameworks.sh\"\n";
			showEnvVarsInLog = 0;
		};
		B02652E4421A8D19C1F6232E /* [CP] Embed Pods Frameworks */ = {
			isa = PBXShellScriptBuildPhase;
			buildActionMask = 2147483647;
			files = (
			);
			inputFileListPaths = (
				"${PODS_ROOT}/Target Support Files/Pods-BaseNetwork/Pods-BaseNetwork-frameworks-${CONFIGURATION}-input-files.xcfilelist",
			);
			name = "[CP] Embed Pods Frameworks";
			outputFileListPaths = (
				"${PODS_ROOT}/Target Support Files/Pods-BaseNetwork/Pods-BaseNetwork-frameworks-${CONFIGURATION}-output-files.xcfilelist",
			);
			runOnlyForDeploymentPostprocessing = 0;
			shellPath = /bin/sh;
			shellScript = "\"${PODS_ROOT}/Target Support Files/Pods-BaseNetwork/Pods-BaseNetwork-frameworks.sh\"\n";
			showEnvVarsInLog = 0;
		};
		E154CDCBBA8D20766870A2EA /* [CP] Check Pods Manifest.lock */ = {
			isa = PBXShellScriptBuildPhase;
			buildActionMask = 2147483647;
			files = (
			);
			inputFileListPaths = (
			);
			inputPaths = (
				"${PODS_PODFILE_DIR_PATH}/Podfile.lock",
				"${PODS_ROOT}/Manifest.lock",
			);
			name = "[CP] Check Pods Manifest.lock";
			outputFileListPaths = (
			);
			outputPaths = (
				"$(DERIVED_FILE_DIR)/Pods-BaseNetwork-checkManifestLockResult.txt",
			);
			runOnlyForDeploymentPostprocessing = 0;
			shellPath = /bin/sh;
			shellScript = "diff \"${PODS_PODFILE_DIR_PATH}/Podfile.lock\" \"${PODS_ROOT}/Manifest.lock\" > /dev/null\nif [ $? != 0 ] ; then\n    # print error to STDERR\n    echo \"error: The sandbox is not in sync with the Podfile.lock. Run 'pod install' or update your CocoaPods installation.\" >&2\n    exit 1\nfi\n# This output is used by Xcode 'outputs' to avoid re-running this script phase.\necho \"SUCCESS\" > \"${SCRIPT_OUTPUT_FILE_0}\"\n";
			showEnvVarsInLog = 0;
		};
/* End PBXShellScriptBuildPhase section */

/* Begin PBXSourcesBuildPhase section */
		020FA8C02677B1FE0077C01D /* Sources */ = {
			isa = PBXSourcesBuildPhase;
			buildActionMask = 2147483647;
			files = (
				020FA8FF2677C0DD0077C01D /* ApiError.swift in Sources */,
				020FA8CC2677B1FE0077C01D /* ViewController.swift in Sources */,
				020FA9032677C18F0077C01D /* ListLectureAPI.swift in Sources */,
				020FA9012677C1140077C01D /* ApiErrorResult.swift in Sources */,
				020FA8C82677B1FE0077C01D /* AppDelegate.swift in Sources */,
				020FA8CA2677B1FE0077C01D /* SceneDelegate.swift in Sources */,
				020FA8FD2677BFDE0077C01D /* API.swift in Sources */,
				020FA8FB2677BAA60077C01D /* ApiUrls.swift in Sources */,
			);
			runOnlyForDeploymentPostprocessing = 0;
		};
		020FA8D62677B1FF0077C01D /* Sources */ = {
			isa = PBXSourcesBuildPhase;
			buildActionMask = 2147483647;
			files = (
				020FA8DF2677B1FF0077C01D /* BaseNetworkTests.swift in Sources */,
			);
			runOnlyForDeploymentPostprocessing = 0;
		};
		020FA8E12677B1FF0077C01D /* Sources */ = {
			isa = PBXSourcesBuildPhase;
			buildActionMask = 2147483647;
			files = (
				020FA8EA2677B1FF0077C01D /* BaseNetworkUITests.swift in Sources */,
			);
			runOnlyForDeploymentPostprocessing = 0;
		};
/* End PBXSourcesBuildPhase section */

/* Begin PBXTargetDependency section */
		020FA8DC2677B1FF0077C01D /* PBXTargetDependency */ = {
			isa = PBXTargetDependency;
			target = 020FA8C32677B1FE0077C01D /* BaseNetwork */;
			targetProxy = 020FA8DB2677B1FF0077C01D /* PBXContainerItemProxy */;
		};
		020FA8E72677B1FF0077C01D /* PBXTargetDependency */ = {
			isa = PBXTargetDependency;
			target = 020FA8C32677B1FE0077C01D /* BaseNetwork */;
			targetProxy = 020FA8E62677B1FF0077C01D /* PBXContainerItemProxy */;
		};
/* End PBXTargetDependency section */

/* Begin PBXVariantGroup section */
		020FA8CD2677B1FE0077C01D /* Main.storyboard */ = {
			isa = PBXVariantGroup;
			children = (
				020FA8CE2677B1FE0077C01D /* Base */,
			);
			name = Main.storyboard;
			sourceTree = "<group>";
		};
		020FA8D22677B1FF0077C01D /* LaunchScreen.storyboard */ = {
			isa = PBXVariantGroup;
			children = (
				020FA8D32677B1FF0077C01D /* Base */,
			);
			name = LaunchScreen.storyboard;
			sourceTree = "<group>";
		};
/* End PBXVariantGroup section */

/* Begin XCBuildConfiguration section */
		020FA8EC2677B1FF0077C01D /* Debug */ = {
			isa = XCBuildConfiguration;
			buildSettings = {
				ALWAYS_SEARCH_USER_PATHS = NO;
				CLANG_ANALYZER_NONNULL = YES;
				CLANG_ANALYZER_NUMBER_OBJECT_CONVERSION = YES_AGGRESSIVE;
				CLANG_CXX_LANGUAGE_STANDARD = "gnu++14";
				CLANG_CXX_LIBRARY = "libc++";
				CLANG_ENABLE_MODULES = YES;
				CLANG_ENABLE_OBJC_ARC = YES;
				CLANG_ENABLE_OBJC_WEAK = YES;
				CLANG_WARN_BLOCK_CAPTURE_AUTORELEASING = YES;
				CLANG_WARN_BOOL_CONVERSION = YES;
				CLANG_WARN_COMMA = YES;
				CLANG_WARN_CONSTANT_CONVERSION = YES;
				CLANG_WARN_DEPRECATED_OBJC_IMPLEMENTATIONS = YES;
				CLANG_WARN_DIRECT_OBJC_ISA_USAGE = YES_ERROR;
				CLANG_WARN_DOCUMENTATION_COMMENTS = YES;
				CLANG_WARN_EMPTY_BODY = YES;
				CLANG_WARN_ENUM_CONVERSION = YES;
				CLANG_WARN_INFINITE_RECURSION = YES;
				CLANG_WARN_INT_CONVERSION = YES;
				CLANG_WARN_NON_LITERAL_NULL_CONVERSION = YES;
				CLANG_WARN_OBJC_IMPLICIT_RETAIN_SELF = YES;
				CLANG_WARN_OBJC_LITERAL_CONVERSION = YES;
				CLANG_WARN_OBJC_ROOT_CLASS = YES_ERROR;
				CLANG_WARN_QUOTED_INCLUDE_IN_FRAMEWORK_HEADER = YES;
				CLANG_WARN_RANGE_LOOP_ANALYSIS = YES;
				CLANG_WARN_STRICT_PROTOTYPES = YES;
				CLANG_WARN_SUSPICIOUS_MOVE = YES;
				CLANG_WARN_UNGUARDED_AVAILABILITY = YES_AGGRESSIVE;
				CLANG_WARN_UNREACHABLE_CODE = YES;
				CLANG_WARN__DUPLICATE_METHOD_MATCH = YES;
				COPY_PHASE_STRIP = NO;
				DEBUG_INFORMATION_FORMAT = dwarf;
				ENABLE_STRICT_OBJC_MSGSEND = YES;
				ENABLE_TESTABILITY = YES;
				GCC_C_LANGUAGE_STANDARD = gnu11;
				GCC_DYNAMIC_NO_PIC = NO;
				GCC_NO_COMMON_BLOCKS = YES;
				GCC_OPTIMIZATION_LEVEL = 0;
				GCC_PREPROCESSOR_DEFINITIONS = (
					"DEBUG=1",
					"$(inherited)",
				);
				GCC_WARN_64_TO_32_BIT_CONVERSION = YES;
				GCC_WARN_ABOUT_RETURN_TYPE = YES_ERROR;
				GCC_WARN_UNDECLARED_SELECTOR = YES;
				GCC_WARN_UNINITIALIZED_AUTOS = YES_AGGRESSIVE;
				GCC_WARN_UNUSED_FUNCTION = YES;
				GCC_WARN_UNUSED_VARIABLE = YES;
				IPHONEOS_DEPLOYMENT_TARGET = 14.5;
				MTL_ENABLE_DEBUG_INFO = INCLUDE_SOURCE;
				MTL_FAST_MATH = YES;
				ONLY_ACTIVE_ARCH = YES;
				SDKROOT = iphoneos;
				SWIFT_ACTIVE_COMPILATION_CONDITIONS = DEBUG;
				SWIFT_OPTIMIZATION_LEVEL = "-Onone";
			};
			name = Debug;
		};
		020FA8ED2677B1FF0077C01D /* Release */ = {
			isa = XCBuildConfiguration;
			buildSettings = {
				ALWAYS_SEARCH_USER_PATHS = NO;
				CLANG_ANALYZER_NONNULL = YES;
				CLANG_ANALYZER_NUMBER_OBJECT_CONVERSION = YES_AGGRESSIVE;
				CLANG_CXX_LANGUAGE_STANDARD = "gnu++14";
				CLANG_CXX_LIBRARY = "libc++";
				CLANG_ENABLE_MODULES = YES;
				CLANG_ENABLE_OBJC_ARC = YES;
				CLANG_ENABLE_OBJC_WEAK = YES;
				CLANG_WARN_BLOCK_CAPTURE_AUTORELEASING = YES;
				CLANG_WARN_BOOL_CONVERSION = YES;
				CLANG_WARN_COMMA = YES;
				CLANG_WARN_CONSTANT_CONVERSION = YES;
				CLANG_WARN_DEPRECATED_OBJC_IMPLEMENTATIONS = YES;
				CLANG_WARN_DIRECT_OBJC_ISA_USAGE = YES_ERROR;
				CLANG_WARN_DOCUMENTATION_COMMENTS = YES;
				CLANG_WARN_EMPTY_BODY = YES;
				CLANG_WARN_ENUM_CONVERSION = YES;
				CLANG_WARN_INFINITE_RECURSION = YES;
				CLANG_WARN_INT_CONVERSION = YES;
				CLANG_WARN_NON_LITERAL_NULL_CONVERSION = YES;
				CLANG_WARN_OBJC_IMPLICIT_RETAIN_SELF = YES;
				CLANG_WARN_OBJC_LITERAL_CONVERSION = YES;
				CLANG_WARN_OBJC_ROOT_CLASS = YES_ERROR;
				CLANG_WARN_QUOTED_INCLUDE_IN_FRAMEWORK_HEADER = YES;
				CLANG_WARN_RANGE_LOOP_ANALYSIS = YES;
				CLANG_WARN_STRICT_PROTOTYPES = YES;
				CLANG_WARN_SUSPICIOUS_MOVE = YES;
				CLANG_WARN_UNGUARDED_AVAILABILITY = YES_AGGRESSIVE;
				CLANG_WARN_UNREACHABLE_CODE = YES;
				CLANG_WARN__DUPLICATE_METHOD_MATCH = YES;
				COPY_PHASE_STRIP = NO;
				DEBUG_INFORMATION_FORMAT = "dwarf-with-dsym";
				ENABLE_NS_ASSERTIONS = NO;
				ENABLE_STRICT_OBJC_MSGSEND = YES;
				GCC_C_LANGUAGE_STANDARD = gnu11;
				GCC_NO_COMMON_BLOCKS = YES;
				GCC_WARN_64_TO_32_BIT_CONVERSION = YES;
				GCC_WARN_ABOUT_RETURN_TYPE = YES_ERROR;
				GCC_WARN_UNDECLARED_SELECTOR = YES;
				GCC_WARN_UNINITIALIZED_AUTOS = YES_AGGRESSIVE;
				GCC_WARN_UNUSED_FUNCTION = YES;
				GCC_WARN_UNUSED_VARIABLE = YES;
				IPHONEOS_DEPLOYMENT_TARGET = 14.5;
				MTL_ENABLE_DEBUG_INFO = NO;
				MTL_FAST_MATH = YES;
				SDKROOT = iphoneos;
				SWIFT_COMPILATION_MODE = wholemodule;
				SWIFT_OPTIMIZATION_LEVEL = "-O";
				VALIDATE_PRODUCT = YES;
			};
			name = Release;
		};
		020FA8EF2677B1FF0077C01D /* Debug */ = {
			isa = XCBuildConfiguration;
			baseConfigurationReference = 708A34C437D32273F596B68E /* Pods-BaseNetwork.debug.xcconfig */;
			buildSettings = {
				ASSETCATALOG_COMPILER_APPICON_NAME = AppIcon;
				ASSETCATALOG_COMPILER_GLOBAL_ACCENT_COLOR_NAME = AccentColor;
				CODE_SIGN_STYLE = Automatic;
				INFOPLIST_FILE = BaseNetwork/Info.plist;
				LD_RUNPATH_SEARCH_PATHS = (
					"$(inherited)",
					"@executable_path/Frameworks",
				);
				PRODUCT_BUNDLE_IDENTIFIER = BaseNetwork.BaseNetwork;
				PRODUCT_NAME = "$(TARGET_NAME)";
				SWIFT_VERSION = 5.0;
				TARGETED_DEVICE_FAMILY = "1,2";
			};
			name = Debug;
		};
		020FA8F02677B1FF0077C01D /* Release */ = {
			isa = XCBuildConfiguration;
			baseConfigurationReference = 3727538DEB651A1F62B44601 /* Pods-BaseNetwork.release.xcconfig */;
			buildSettings = {
				ASSETCATALOG_COMPILER_APPICON_NAME = AppIcon;
				ASSETCATALOG_COMPILER_GLOBAL_ACCENT_COLOR_NAME = AccentColor;
				CODE_SIGN_STYLE = Automatic;
				INFOPLIST_FILE = BaseNetwork/Info.plist;
				LD_RUNPATH_SEARCH_PATHS = (
					"$(inherited)",
					"@executable_path/Frameworks",
				);
				PRODUCT_BUNDLE_IDENTIFIER = BaseNetwork.BaseNetwork;
				PRODUCT_NAME = "$(TARGET_NAME)";
				SWIFT_VERSION = 5.0;
				TARGETED_DEVICE_FAMILY = "1,2";
			};
			name = Release;
		};
		020FA8F22677B1FF0077C01D /* Debug */ = {
			isa = XCBuildConfiguration;
			baseConfigurationReference = 68524527F258889D85ED60EE /* Pods-BaseNetworkTests.debug.xcconfig */;
			buildSettings = {
				ALWAYS_EMBED_SWIFT_STANDARD_LIBRARIES = YES;
				BUNDLE_LOADER = "$(TEST_HOST)";
				CODE_SIGN_STYLE = Automatic;
				INFOPLIST_FILE = BaseNetworkTests/Info.plist;
				IPHONEOS_DEPLOYMENT_TARGET = 14.5;
				LD_RUNPATH_SEARCH_PATHS = (
					"$(inherited)",
					"@executable_path/Frameworks",
					"@loader_path/Frameworks",
				);
				PRODUCT_BUNDLE_IDENTIFIER = BaseNetwork.BaseNetworkTests;
				PRODUCT_NAME = "$(TARGET_NAME)";
				SWIFT_VERSION = 5.0;
				TARGETED_DEVICE_FAMILY = "1,2";
				TEST_HOST = "$(BUILT_PRODUCTS_DIR)/BaseNetwork.app/BaseNetwork";
			};
			name = Debug;
		};
		020FA8F32677B1FF0077C01D /* Release */ = {
			isa = XCBuildConfiguration;
			baseConfigurationReference = BCA29A7984F76F6BF2F7DF13 /* Pods-BaseNetworkTests.release.xcconfig */;
			buildSettings = {
				ALWAYS_EMBED_SWIFT_STANDARD_LIBRARIES = YES;
				BUNDLE_LOADER = "$(TEST_HOST)";
				CODE_SIGN_STYLE = Automatic;
				INFOPLIST_FILE = BaseNetworkTests/Info.plist;
				IPHONEOS_DEPLOYMENT_TARGET = 14.5;
				LD_RUNPATH_SEARCH_PATHS = (
					"$(inherited)",
					"@executable_path/Frameworks",
					"@loader_path/Frameworks",
				);
				PRODUCT_BUNDLE_IDENTIFIER = BaseNetwork.BaseNetworkTests;
				PRODUCT_NAME = "$(TARGET_NAME)";
				SWIFT_VERSION = 5.0;
				TARGETED_DEVICE_FAMILY = "1,2";
				TEST_HOST = "$(BUILT_PRODUCTS_DIR)/BaseNetwork.app/BaseNetwork";
			};
			name = Release;
		};
		020FA8F52677B1FF0077C01D /* Debug */ = {
			isa = XCBuildConfiguration;
			baseConfigurationReference = E46CEAF2B225EEB5FE31B7DD /* Pods-BaseNetwork-BaseNetworkUITests.debug.xcconfig */;
			buildSettings = {
				ALWAYS_EMBED_SWIFT_STANDARD_LIBRARIES = YES;
				CODE_SIGN_STYLE = Automatic;
				INFOPLIST_FILE = BaseNetworkUITests/Info.plist;
				LD_RUNPATH_SEARCH_PATHS = (
					"$(inherited)",
					"@executable_path/Frameworks",
					"@loader_path/Frameworks",
				);
				PRODUCT_BUNDLE_IDENTIFIER = BaseNetwork.BaseNetworkUITests;
				PRODUCT_NAME = "$(TARGET_NAME)";
				SWIFT_VERSION = 5.0;
				TARGETED_DEVICE_FAMILY = "1,2";
				TEST_TARGET_NAME = BaseNetwork;
			};
			name = Debug;
		};
		020FA8F62677B1FF0077C01D /* Release */ = {
			isa = XCBuildConfiguration;
			baseConfigurationReference = 8E727D2D8F6E899353E92CE3 /* Pods-BaseNetwork-BaseNetworkUITests.release.xcconfig */;
			buildSettings = {
				ALWAYS_EMBED_SWIFT_STANDARD_LIBRARIES = YES;
				CODE_SIGN_STYLE = Automatic;
				INFOPLIST_FILE = BaseNetworkUITests/Info.plist;
				LD_RUNPATH_SEARCH_PATHS = (
					"$(inherited)",
					"@executable_path/Frameworks",
					"@loader_path/Frameworks",
				);
				PRODUCT_BUNDLE_IDENTIFIER = BaseNetwork.BaseNetworkUITests;
				PRODUCT_NAME = "$(TARGET_NAME)";
				SWIFT_VERSION = 5.0;
				TARGETED_DEVICE_FAMILY = "1,2";
				TEST_TARGET_NAME = BaseNetwork;
			};
			name = Release;
		};
/* End XCBuildConfiguration section */

/* Begin XCConfigurationList section */
		020FA8BF2677B1FE0077C01D /* Build configuration list for PBXProject "BaseNetwork" */ = {
			isa = XCConfigurationList;
			buildConfigurations = (
				020FA8EC2677B1FF0077C01D /* Debug */,
				020FA8ED2677B1FF0077C01D /* Release */,
			);
			defaultConfigurationIsVisible = 0;
			defaultConfigurationName = Release;
		};
		020FA8EE2677B1FF0077C01D /* Build configuration list for PBXNativeTarget "BaseNetwork" */ = {
			isa = XCConfigurationList;
			buildConfigurations = (
				020FA8EF2677B1FF0077C01D /* Debug */,
				020FA8F02677B1FF0077C01D /* Release */,
			);
			defaultConfigurationIsVisible = 0;
			defaultConfigurationName = Release;
		};
		020FA8F12677B1FF0077C01D /* Build configuration list for PBXNativeTarget "BaseNetworkTests" */ = {
			isa = XCConfigurationList;
			buildConfigurations = (
				020FA8F22677B1FF0077C01D /* Debug */,
				020FA8F32677B1FF0077C01D /* Release */,
			);
			defaultConfigurationIsVisible = 0;
			defaultConfigurationName = Release;
		};
		020FA8F42677B1FF0077C01D /* Build configuration list for PBXNativeTarget "BaseNetworkUITests" */ = {
			isa = XCConfigurationList;
			buildConfigurations = (
				020FA8F52677B1FF0077C01D /* Debug */,
				020FA8F62677B1FF0077C01D /* Release */,
			);
			defaultConfigurationIsVisible = 0;
			defaultConfigurationName = Release;
		};
/* End XCConfigurationList section */
	};
	rootObject = 020FA8BC2677B1FE0077C01D /* Project object */;
}
